
Microsoft Visual Studio Solution File, Format Version 12.00
# Visual Studio Version 17
VisualStudioVersion = 17.14.36109.1 d17.14
MinimumVisualStudioVersion = 10.0.40219.1
Project("{FAE04EC0-301F-11D3-BF4B-00C04F79EFBC}") = "Mindfull", "Mindfull\Mindfull.csproj", "{358EC125-F3D9-DA02-95DD-BC6C5FDC4F6F}"
EndProject
Global
	GlobalSection(SolutionConfigurationPlatforms) = preSolution
		Debug|Any CPU = Debug|Any CPU
		Release|Any CPU = Release|Any CPU
	EndGlobalSection
	GlobalSection(ProjectConfigurationPlatforms) = postSolution
		{358EC125-F3D9-DA02-95DD-BC6C5FDC4F6F}.Debug|Any CPU.ActiveCfg = Debug|Any CPU
		{358EC125-F3D9-DA02-95DD-BC6C5FDC4F6F}.Debug|Any CPU.Build.0 = Debug|Any CPU
		{358EC125-F3D9-DA02-95DD-BC6C5FDC4F6F}.Release|Any CPU.ActiveCfg = Release|Any CPU
		{358EC125-F3D9-DA02-95DD-BC6C5FDC4F6F}.Release|Any CPU.Build.0 = Release|Any CPU
	EndGlobalSection
	GlobalSection(SolutionProperties) = preSolution
		HideSolutionNode = FALSE
	EndGlobalSection
	GlobalSection(ExtensibilityGlobals) = postSolution
		SolutionGuid = {65BD18F9-42DF-4F62-A997-207DD55559A6}
	EndGlobalSection
EndGlobal
